dependencies:
- name: rabbitmq
  repository: oci://registry-1.docker.io/bitnamicharts
  version: 15.4.0
- name: loadgenerator
  repository: https://lgu-se-internal.github.io/loadgenerator
  version: 0.1.1
digest: sha256:40938b65ced12423d9d1950dcd0a17f588a33ba759aac13747c522e83b72efff
generated: "2025-09-30T12:11:38.639341666+08:00"
